
Microsoft Visual Studio Solution File, Format Version 12.00
# Visual Studio Version 17
VisualStudioVersion = 17.6.33815.320
MinimumVisualStudioVersion = 10.0.40219.1
Project("{FAE04EC0-301F-11D3-BF4B-00C04F79EFBC}") = "CakeBuild", "canmarket\CakeBuild\CakeBuild.csproj", "{3FF0A75A-5F30-46AC-B0D6-BA8B0EDBECAE}"
EndProject
Project("{FAE04EC0-301F-11D3-BF4B-00C04F79EFBC}") = "canmarket", "canmarket\canmarket\canmarket.csproj", "{5126B8F8-8F78-443D-8D63-8DB0C7E0740E}"
EndProject
Global
	GlobalSection(SolutionConfigurationPlatforms) = preSolution
		Debug|Any CPU = Debug|Any CPU
		Release|Any CPU = Release|Any CPU
	EndGlobalSection
	GlobalSection(ProjectConfigurationPlatforms) = postSolution
		{3FF0A75A-5F30-46AC-B0D6-BA8B0EDBECAE}.Debug|Any CPU.ActiveCfg = Debug|Any CPU
		{3FF0A75A-5F30-46AC-B0D6-BA8B0EDBECAE}.Debug|Any CPU.Build.0 = Debug|Any CPU
		{3FF0A75A-5F30-46AC-B0D6-BA8B0EDBECAE}.Release|Any CPU.ActiveCfg = Release|Any CPU
		{3FF0A75A-5F30-46AC-B0D6-BA8B0EDBECAE}.Release|Any CPU.Build.0 = Release|Any CPU
		{5126B8F8-8F78-443D-8D63-8DB0C7E0740E}.Debug|Any CPU.ActiveCfg = Debug|Any CPU
		{5126B8F8-8F78-443D-8D63-8DB0C7E0740E}.Debug|Any CPU.Build.0 = Debug|Any CPU
		{5126B8F8-8F78-443D-8D63-8DB0C7E0740E}.Release|Any CPU.ActiveCfg = Release|Any CPU
		{5126B8F8-8F78-443D-8D63-8DB0C7E0740E}.Release|Any CPU.Build.0 = Release|Any CPU
	EndGlobalSection
	GlobalSection(SolutionProperties) = preSolution
		HideSolutionNode = FALSE
	EndGlobalSection
	GlobalSection(ExtensibilityGlobals) = postSolution
		SolutionGuid = {FA02D49E-4456-4F89-8A50-E6442E9D433C}
	EndGlobalSection
EndGlobal
